// !$*UTF8*$!
{
	archiveVersion = 1;
	classes = {
	};
	objectVersion = 50;
	objects = {

/* Begin PBXBuildFile section */
		C045F38F21099A3000966F9B /* AppDelegate.swift in Sources */ = {isa = PBXBuildFile; fileRef = C045F38E21099A3000966F9B /* AppDelegate.swift */; };
		C045F39121099A3000966F9B /* ViewController.swift in Sources */ = {isa = PBXBuildFile; fileRef = C045F39021099A3000966F9B /* ViewController.swift */; };
		C045F39421099A3000966F9B /* Main.storyboard in Resources */ = {isa = PBXBuildFile; fileRef = C045F39221099A3000966F9B /* Main.storyboard */; };
		C045F39621099A3100966F9B /* Assets.xcassets in Resources */ = {isa = PBXBuildFile; fileRef = C045F39521099A3100966F9B /* Assets.xcassets */; };
		C045F39921099A3100966F9B /* LaunchScreen.storyboard in Resources */ = {isa = PBXBuildFile; fileRef = C045F39721099A3100966F9B /* LaunchScreen.storyboard */; };
		C045F3A221099A6600966F9B /* AVFoundation.framework in Frameworks */ = {isa = PBXBuildFile; fileRef = C045F3A121099A6600966F9B /* AVFoundation.framework */; };
		C045F3A421099A8800966F9B /* AVKit.framework in Frameworks */ = {isa = PBXBuildFile; fileRef = C045F3A321099A8800966F9B /* AVKit.framework */; };
/* End PBXBuildFile section */

/* Begin PBXFileReference section */
		C045F38B21099A3000966F9B /* m3u8download.app */ = {isa = PBXFileReference; explicitFileType = wrapper.application; includeInIndex = 0; path = m3u8download.app; sourceTree = BUILT_PRODUCTS_DIR; };
		C045F38E21099A3000966F9B /* AppDelegate.swift */ = {isa = PBXFileReference; lastKnownFileType = sourcecode.swift; path = AppDelegate.swift; sourceTree = "<group>"; };
		C045F39021099A3000966F9B /* ViewController.swift */ = {isa = PBXFileReference; lastKnownFileType = sourcecode.swift; path = ViewController.swift; sourceTree = "<group>"; };
		C045F39321099A3000966F9B /* Base */ = {isa = PBXFileReference; lastKnownFileType = file.storyboard; name = Base; path = Base.lproj/Main.storyboard; sourceTree = "<group>"; };
		C045F39521099A3100966F9B /* Assets.xcassets */ = {isa = PBXFileReference; lastKnownFileType = folder.assetcatalog; path = Assets.xcassets; sourceTree = "<group>"; };
		C045F39821099A3100966F9B /* Base */ = {isa = PBXFileReference; lastKnownFileType = file.storyboard; name = Base; path = Base.lproj/LaunchScreen.storyboard; sourceTree = "<group>"; };
		C045F39A21099A3100966F9B /* Info.plist */ = {isa = PBXFileReference; lastKnownFileType = text.plist.xml; path = Info.plist; sourceTree = "<group>"; };
		C045F3A121099A6600966F9B /* AVFoundation.framework */ = {isa = PBXFileReference; lastKnownFileType = wrapper.framework; name = AVFoundation.framework; path = System/Library/Frameworks/AVFoundation.framework; sourceTree = SDKROOT; };
		C045F3A321099A8800966F9B /* AVKit.framework */ = {isa = PBXFileReference; lastKnownFileType = wrapper.framework; name = AVKit.framework; path = System/Library/Frameworks/AVKit.framework; sourceTree = SDKROOT; };
/* End PBXFileReference section */

/* Begin PBXFrameworksBuildPhase section */
		C045F38821099A3000966F9B /* Frameworks */ = {
			isa = PBXFrameworksBuildPhase;
			buildActionMask = 2147483647;
			files = (
				C045F3A421099A8800966F9B /* AVKit.framework in Frameworks */,
				C045F3A221099A6600966F9B /* AVFoundation.framework in Frameworks */,
			);
			runOnlyForDeploymentPostprocessing = 0;
		};
/* End PBXFrameworksBuildPhase section */

/* Begin PBXGroup section */
		C045F38221099A3000966F9B = {
			isa = PBXGroup;
			children = (
				C045F38D21099A3000966F9B /* m3u8download */,
				C045F38C21099A3000966F9B /* Products */,
				C045F3A021099A6600966F9B /* Frameworks */,
			);
			sourceTree = "<group>";
		};
		C045F38C21099A3000966F9B /* Products */ = {
			isa = PBXGroup;
			children = (
				C045F38B21099A3000966F9B /* m3u8download.app */,
			);
			name = Products;
			sourceTree = "<group>";
		};
		C045F38D21099A3000966F9B /* m3u8download */ = {
			isa = PBXGroup;
			children = (
				C045F38E21099A3000966F9B /* AppDelegate.swift */,
				C045F39021099A3000966F9B /* ViewController.swift */,
				C045F39221099A3000966F9B /* Main.storyboard */,
				C045F39521099A3100966F9B /* Assets.xcassets */,
				C045F39721099A3100966F9B /* LaunchScreen.storyboard */,
				C045F39A21099A3100966F9B /* Info.plist */,
			);
			path = m3u8download;
			sourceTree = "<group>";
		};
		C045F3A021099A6600966F9B /* Frameworks */ = {
			isa = PBXGroup;
			children = (
				C045F3A321099A8800966F9B /* AVKit.framework */,
				C045F3A121099A6600966F9B /* AVFoundation.framework */,
			);
			name = Frameworks;
			sourceTree = "<group>";
		};
/* End PBXGroup section */

/* Begin PBXNativeTarget section */
		C045F38A21099A3000966F9B /* m3u8download */ = {
			isa = PBXNativeTarget;
			buildConfigurationList = C045F39D21099A3100966F9B /* Build configuration list for PBXNativeTarget "m3u8download" */;
			buildPhases = (
				C045F38721099A3000966F9B /* Sources */,
				C045F38821099A3000966F9B /* Frameworks */,
				C045F38921099A3000966F9B /* Resources */,
			);
			buildRules = (
			);
			dependencies = (
			);
			name = m3u8download;
			productName = m3u8download;
			productReference = C045F38B21099A3000966F9B /* m3u8download.app */;
			productType = "com.apple.product-type.application";
		};
/* End PBXNativeTarget section */

/* Begin PBXProject section */
		C045F38321099A3000966F9B /* Project object */ = {
			isa = PBXProject;
			attributes = {
				LastSwiftUpdateCheck = 0940;
				LastUpgradeCheck = 0940;
				ORGANIZATIONNAME = "Deep Arora";
				TargetAttributes = {
					C045F38A21099A3000966F9B = {
						CreatedOnToolsVersion = 9.4.1;
					};
				};
			};
			buildConfigurationList = C045F38621099A3000966F9B /* Build configuration list for PBXProject "m3u8download" */;
			compatibilityVersion = "Xcode 9.3";
			developmentRegion = en;
			hasScannedForEncodings = 0;
			knownRegions = (
				en,
				Base,
			);
			mainGroup = C045F38221099A3000966F9B;
			productRefGroup = C045F38C21099A3000966F9B /* Products */;
			projectDirPath = "";
			projectRoot = "";
			targets = (
				C045F38A21099A3000966F9B /* m3u8download */,
			);
		};
/* End PBXProject section */

/* Begin PBXResourcesBuildPhase section */
		C045F38921099A3000966F9B /* Resources */ = {
			isa = PBXResourcesBuildPhase;
			buildActionMask = 2147483647;
			files = (
				C045F39921099A3100966F9B /* LaunchScreen.storyboard in Resources */,
				C045F39621099A3100966F9B /* Assets.xcassets in Resources */,
				C045F39421099A3000966F9B /* Main.storyboard in Resources */,
			);
			runOnlyForDeploymentPostprocessing = 0;
		};
/* End PBXResourcesBuildPhase section */

/* Begin PBXSourcesBuildPhase section */
		C045F38721099A3000966F9B /* Sources */ = {
			isa = PBXSourcesBuildPhase;
			buildActionMask = 2147483647;
			files = (
				C045F39121099A3000966F9B /* ViewController.swift in Sources */,
				C045F38F21099A3000966F9B /* AppDelegate.swift in Sources */,
			);
			runOnlyForDeploymentPostprocessing = 0;
		};
/* End PBXSourcesBuildPhase section */

/* Begin PBXVariantGroup section */
		C045F39221099A3000966F9B /* Main.storyboard */ = {
			isa = PBXVariantGroup;
			children = (
				C045F39321099A3000966F9B /* Base */,
			);
			name = Main.storyboard;
			sourceTree = "<group>";
		};
		C045F39721099A3100966F9B /* LaunchScreen.storyboard */ = {
			isa = PBXVariantGroup;
			children = (
				C045F39821099A3100966F9B /* Base */,
			);
			name = LaunchScreen.storyboard;
			sourceTree = "<group>";
		};
/* End PBXVariantGroup section */

/* Begin XCBuildConfiguration section */
		C045F39B21099A3100966F9B /* Debug */ = {
			isa = XCBuildConfiguration;
			buildSettings = {
				ALWAYS_SEARCH_USER_PATHS = NO;
				CLANG_ANALYZER_NONNULL = YES;
				CLANG_ANALYZER_NUMBER_OBJECT_CONVERSION = YES_AGGRESSIVE;
				CLANG_CXX_LANGUAGE_STANDARD = "gnu++14";
				CLANG_CXX_LIBRARY = "libc++";
				CLANG_ENABLE_MODULES = YES;
				CLANG_ENABLE_OBJC_ARC = YES;
				CLANG_ENABLE_OBJC_WEAK = YES;
				CLANG_WARN_BLOCK_CAPTURE_AUTORELEASING = YES;
				CLANG_WARN_BOOL_CONVERSION = YES;
				CLANG_WARN_COMMA = YES;
				CLANG_WARN_CONSTANT_CONVERSION = YES;
				CLANG_WARN_DEPRECATED_OBJC_IMPLEMENTATIONS = YES;
				CLANG_WARN_DIRECT_OBJC_ISA_USAGE = YES_ERROR;
				CLANG_WARN_DOCUMENTATION_COMMENTS = YES;
				CLANG_WARN_EMPTY_BODY = YES;
				CLANG_WARN_ENUM_CONVERSION = YES;
				CLANG_WARN_INFINITE_RECURSION = YES;
				CLANG_WARN_INT_CONVERSION = YES;
				CLANG_WARN_NON_LITERAL_NULL_CONVERSION = YES;
				CLANG_WARN_OBJC_IMPLICIT_RETAIN_SELF = YES;
				CLANG_WARN_OBJC_LITERAL_CONVERSION = YES;
				CLANG_WARN_OBJC_ROOT_CLASS = YES_ERROR;
				CLANG_WARN_RANGE_LOOP_ANALYSIS = YES;
				CLANG_WARN_STRICT_PROTOTYPES = YES;
				CLANG_WARN_SUSPICIOUS_MOVE = YES;
				CLANG_WARN_UNGUARDED_AVAILABILITY = YES_AGGRESSIVE;
				CLANG_WARN_UNREACHABLE_CODE = YES;
				CLANG_WARN__DUPLICATE_METHOD_MATCH = YES;
				CODE_SIGN_IDENTITY = "iPhone Developer";
				COPY_PHASE_STRIP = NO;
				DEBUG_INFORMATION_FORMAT = dwarf;
				ENABLE_STRICT_OBJC_MSGSEND = YES;
				ENABLE_TESTABILITY = YES;
				GCC_C_LANGUAGE_STANDARD = gnu11;
				GCC_DYNAMIC_NO_PIC = NO;
				GCC_NO_COMMON_BLOCKS = YES;
				GCC_OPTIMIZATION_LEVEL = 0;
				GCC_PREPROCESSOR_DEFINITIONS = (
					"DEBUG=1",
					"$(inherited)",
				);
				GCC_WARN_64_TO_32_BIT_CONVERSION = YES;
				GCC_WARN_ABOUT_RETURN_TYPE = YES_ERROR;
				GCC_WARN_UNDECLARED_SELECTOR = YES;
				GCC_WARN_UNINITIALIZED_AUTOS = YES_AGGRESSIVE;
				GCC_WARN_UNUSED_FUNCTION = YES;
				GCC_WARN_UNUSED_VARIABLE = YES;
				IPHONEOS_DEPLOYMENT_TARGET = 11.4;
				MTL_ENABLE_DEBUG_INFO = YES;
				ONLY_ACTIVE_ARCH = YES;
				SDKROOT = iphoneos;
				SWIFT_ACTIVE_COMPILATION_CONDITIONS = DEBUG;
				SWIFT_OPTIMIZATION_LEVEL = "-Onone";
			};
			name = Debug;
		};
		C045F39C21099A3100966F9B /* Release */ = {
			isa = XCBuildConfiguration;
			buildSettings = {
				ALWAYS_SEARCH_USER_PATHS = NO;
				CLANG_ANALYZER_NONNULL = YES;
				CLANG_ANALYZER_NUMBER_OBJECT_CONVERSION = YES_AGGRESSIVE;
				CLANG_CXX_LANGUAGE_STANDARD = "gnu++14";
				CLANG_CXX_LIBRARY = "libc++";
				CLANG_ENABLE_MODULES = YES;
				CLANG_ENABLE_OBJC_ARC = YES;
				CLANG_ENABLE_OBJC_WEAK = YES;
				CLANG_WARN_BLOCK_CAPTURE_AUTORELEASING = YES;
				CLANG_WARN_BOOL_CONVERSION = YES;
				CLANG_WARN_COMMA = YES;
				CLANG_WARN_CONSTANT_CONVERSION = YES;
				CLANG_WARN_DEPRECATED_OBJC_IMPLEMENTATIONS = YES;
				CLANG_WARN_DIRECT_OBJC_ISA_USAGE = YES_ERROR;
				CLANG_WARN_DOCUMENTATION_COMMENTS = YES;
				CLANG_WARN_EMPTY_BODY = YES;
				CLANG_WARN_ENUM_CONVERSION = YES;
				CLANG_WARN_INFINITE_RECURSION = YES;
				CLANG_WARN_INT_CONVERSION = YES;
				CLANG_WARN_NON_LITERAL_NULL_CONVERSION = YES;
				CLANG_WARN_OBJC_IMPLICIT_RETAIN_SELF = YES;
				CLANG_WARN_OBJC_LITERAL_CONVERSION = YES;
				CLANG_WARN_OBJC_ROOT_CLASS = YES_ERROR;
				CLANG_WARN_RANGE_LOOP_ANALYSIS = YES;
				CLANG_WARN_STRICT_PROTOTYPES = YES;
				CLANG_WARN_SUSPICIOUS_MOVE = YES;
				CLANG_WARN_UNGUARDED_AVAILABILITY = YES_AGGRESSIVE;
				CLANG_WARN_UNREACHABLE_CODE = YES;
				CLANG_WARN__DUPLICATE_METHOD_MATCH = YES;
				CODE_SIGN_IDENTITY = "iPhone Developer";
				COPY_PHASE_STRIP = NO;
				DEBUG_INFORMATION_FORMAT = "dwarf-with-dsym";
				ENABLE_NS_ASSERTIONS = NO;
				ENABLE_STRICT_OBJC_MSGSEND = YES;
				GCC_C_LANGUAGE_STANDARD = gnu11;
				GCC_NO_COMMON_BLOCKS = YES;
				GCC_WARN_64_TO_32_BIT_CONVERSION = YES;
				GCC_WARN_ABOUT_RETURN_TYPE = YES_ERROR;
				GCC_WARN_UNDECLARED_SELECTOR = YES;
				GCC_WARN_UNINITIALIZED_AUTOS = YES_AGGRESSIVE;
				GCC_WARN_UNUSED_FUNCTION = YES;
				GCC_WARN_UNUSED_VARIABLE = YES;
				IPHONEOS_DEPLOYMENT_TARGET = 11.4;
				MTL_ENABLE_DEBUG_INFO = NO;
				SDKROOT = iphoneos;
				SWIFT_COMPILATION_MODE = wholemodule;
				SWIFT_OPTIMIZATION_LEVEL = "-O";
				VALIDATE_PRODUCT = YES;
			};
			name = Release;
		};
		C045F39E21099A3100966F9B /* Debug */ = {
			isa = XCBuildConfiguration;
			buildSettings = {
				ASSETCATALOG_COMPILER_APPICON_NAME = AppIcon;
				CODE_SIGN_STYLE = Automatic;
				DEVELOPMENT_TEAM = C2922N8K2V;
				INFOPLIST_FILE = m3u8download/Info.plist;
				LD_RUNPATH_SEARCH_PATHS = (
					"$(inherited)",
					"@executable_path/Frameworks",
				);
				PRODUCT_BUNDLE_IDENTIFIER = com.uritest.deep.m3u8download;
				PRODUCT_NAME = "$(TARGET_NAME)";
				SWIFT_VERSION = 4.0;
				TARGETED_DEVICE_FAMILY = "1,2";
			};
			name = Debug;
		};
		C045F39F21099A3100966F9B /* Release */ = {
			isa = XCBuildConfiguration;
			buildSettings = {
				ASSETCATALOG_COMPILER_APPICON_NAME = AppIcon;
				CODE_SIGN_STYLE = Automatic;
				DEVELOPMENT_TEAM = C2922N8K2V;
				INFOPLIST_FILE = m3u8download/Info.plist;
				LD_RUNPATH_SEARCH_PATHS = (
					"$(inherited)",
					"@executable_path/Frameworks",
				);
				PRODUCT_BUNDLE_IDENTIFIER = com.uritest.deep.m3u8download;
				PRODUCT_NAME = "$(TARGET_NAME)";
				SWIFT_VERSION = 4.0;
				TARGETED_DEVICE_FAMILY = "1,2";
			};
			name = Release;
		};
/* End XCBuildConfiguration section */

/* Begin XCConfigurationList section */
		C045F38621099A3000966F9B /* Build configuration list for PBXProject "m3u8download" */ = {
			isa = XCConfigurationList;
			buildConfigurations = (
				C045F39B21099A3100966F9B /* Debug */,
				C045F39C21099A3100966F9B /* Release */,
			);
			defaultConfigurationIsVisible = 0;
			defaultConfigurationName = Release;
		};
		C045F39D21099A3100966F9B /* Build configuration list for PBXNativeTarget "m3u8download" */ = {
			isa = XCConfigurationList;
			buildConfigurations = (
				C045F39E21099A3100966F9B /* Debug */,
				C045F39F21099A3100966F9B /* Release */,
			);
			defaultConfigurationIsVisible = 0;
			defaultConfigurationName = Release;
		};
/* End XCConfigurationList section */
	};
	rootObject = C045F38321099A3000966F9B /* Project object */;
}
